{
  "name": "riffmates",
  "version": "1.0.0",
  "lockfileVersion": 3,
  "requires": true,
  "packages": {
    "": {
      "name": "riffmates",
      "version": "1.0.0",
      "license": "MIT",
      "dependencies": {
        "@hotwired/stimulus": "^3.2.2",
        "@hotwired/turbo": "^8.0.12",
        "@kanety/stimulus-dialog": "^1.1.0",
        "@kanety/stimulus-static-actions": "^1.1.0"
      }
    },
    "node_modules/@hotwired/stimulus": {
      "version": "3.2.2",
      "resolved": "https://registry.npmjs.org/@hotwired/stimulus/-/stimulus-3.2.2.tgz",
      "integrity": "sha512-eGeIqNOQpXoPAIP7tC1+1Yc1yl1xnwYqg+3mzqxyrbE5pg5YFBZcA6YoTiByJB6DKAEsiWtl6tjTJS4IYtbB7A==",
      "license": "MIT"
    },
    "node_modules/@hotwired/turbo": {
      "version": "8.0.12",
      "resolved": "https://registry.npmjs.org/@hotwired/turbo/-/turbo-8.0.12.tgz",
      "integrity": "sha512-l3BiQRkD7qrnQv6ms6sqPLczvwbQpXt5iAVwjDvX0iumrz6yEonQkNAzNjeDX25/OJMFDTxpHjkJZHGpM9ikWw==",
      "license": "MIT",
      "engines": {
        "node": ">= 14"
      }
    },
    "node_modules/@kanety/stimulus-dialog": {
      "version": "1.1.0",
      "resolved": "https://registry.npmjs.org/@kanety/stimulus-dialog/-/stimulus-dialog-1.1.0.tgz",
      "integrity": "sha512-MkRlVw8C5yFJ49Fv50TlVzdmBCuze5yBZ24hBO4QG5XXX2iyu9smZmt0Nq86D3CFghNDknwc0IISGdJl3TiebQ==",
      "license": "MIT",
      "peerDependencies": {
        "@hotwired/stimulus": "^3.0.0",
        "@kanety/stimulus-static-actions": "^1.0.1"
      }
    },
    "node_modules/@kanety/stimulus-static-actions": {
      "version": "1.1.0",
      "resolved": "https://registry.npmjs.org/@kanety/stimulus-static-actions/-/stimulus-static-actions-1.1.0.tgz",
      "integrity": "sha512-02cLimz1sOF+4wZJ7XpP+j+CnfuaSo1SKHqlnVXxMLkUDEmfpE27/2g7Qb0+dxwXvNta2H+MI7b2/nvZIit50g==",
      "license": "MIT",
      "peerDependencies": {
        "@hotwired/stimulus": "^3.0.0"
      }
    }
  }
}
